
Microsoft Visual Studio Solution File, Format Version 12.00
# Visual Studio Version 16
VisualStudioVersion = 16.0.33130.400
MinimumVisualStudioVersion = 10.0.40219.1
Project("{FAE04EC0-301F-11D3-BF4B-00C04F79EFBC}") = "MachineTest", "MachineTest.csproj", "{831AA719-6315-435E-B20B-B2B1DEFA285C}"
EndProject
Global
	GlobalSection(SolutionConfigurationPlatforms) = preSolution
		Debug|Any CPU = Debug|Any CPU
		Release|Any CPU = Release|Any CPU
	EndGlobalSection
	GlobalSection(ProjectConfigurationPlatforms) = postSolution
		{831AA719-6315-435E-B20B-B2B1DEFA285C}.Debug|Any CPU.ActiveCfg = Debug|Any CPU
		{831AA719-6315-435E-B20B-B2B1DEFA285C}.Debug|Any CPU.Build.0 = Debug|Any CPU
		{831AA719-6315-435E-B20B-B2B1DEFA285C}.Release|Any CPU.ActiveCfg = Release|Any CPU
		{831AA719-6315-435E-B20B-B2B1DEFA285C}.Release|Any CPU.Build.0 = Release|Any CPU
	EndGlobalSection
	GlobalSection(SolutionProperties) = preSolution
		HideSolutionNode = FALSE
	EndGlobalSection
	GlobalSection(ExtensibilityGlobals) = postSolution
		SolutionGuid = {EED71850-EC7D-4350-ADE2-E487E75B19DE}
	EndGlobalSection
EndGlobal
